// !$*UTF8*$!
{
	archiveVersion = 1;
	classes = {
	};
	objectVersion = 51;
	objects = {

/* Begin PBXBuildFile section */
		3E30D9EBC6640EFA051B8F6C /* Pods_SeaSwiftAndSun.framework in Frameworks */ = {isa = PBXBuildFile; fileRef = 498AEF01D49CB9B9ABED062F /* Pods_SeaSwiftAndSun.framework */; };
		421E64FB2639ADF300057499 /* RequestFactory.swift in Sources */ = {isa = PBXBuildFile; fileRef = 421E64FA2639ADF300057499 /* RequestFactory.swift */; };
		421E64FF2639AFBD00057499 /* SpotViewModel.swift in Sources */ = {isa = PBXBuildFile; fileRef = 421E64FE2639AFBD00057499 /* SpotViewModel.swift */; };
		4237D194263850F1002F8108 /* SpotDetailView.swift in Sources */ = {isa = PBXBuildFile; fileRef = 4237D193263850F1002F8108 /* SpotDetailView.swift */; };
		4237D19826388433002F8108 /* LocationHandler.swift in Sources */ = {isa = PBXBuildFile; fileRef = 4237D19726388433002F8108 /* LocationHandler.swift */; };
		423B333F263B1B5000EE7767 /* ImagePicker.swift in Sources */ = {isa = PBXBuildFile; fileRef = 423B333E263B1B5000EE7767 /* ImagePicker.swift */; };
		423B3345263C2F7800EE7767 /* ActivityIndicatorView.swift in Sources */ = {isa = PBXBuildFile; fileRef = 423B3344263C2F7800EE7767 /* ActivityIndicatorView.swift */; };
		423CAE7E260E2AEF00BF2BB8 /* SeaSwiftAndSunApp.swift in Sources */ = {isa = PBXBuildFile; fileRef = 423CAE7D260E2AEF00BF2BB8 /* SeaSwiftAndSunApp.swift */; };
		423CAE82260E2AF100BF2BB8 /* Assets.xcassets in Resources */ = {isa = PBXBuildFile; fileRef = 423CAE81260E2AF100BF2BB8 /* Assets.xcassets */; };
		423CAE85260E2AF100BF2BB8 /* Preview Assets.xcassets in Resources */ = {isa = PBXBuildFile; fileRef = 423CAE84260E2AF100BF2BB8 /* Preview Assets.xcassets */; };
		423CAEB026138D7400BF2BB8 /* Spot.swift in Sources */ = {isa = PBXBuildFile; fileRef = 423CAEAF26138D7400BF2BB8 /* Spot.swift */; };
		423CAEB326138DA500BF2BB8 /* ParsingData.swift in Sources */ = {isa = PBXBuildFile; fileRef = 423CAEB226138DA500BF2BB8 /* ParsingData.swift */; };
		423CAEBB26138E5A00BF2BB8 /* JsonData.json in Resources */ = {isa = PBXBuildFile; fileRef = 423CAEBA26138E5A00BF2BB8 /* JsonData.json */; };
		426E585D26207F480069B808 /* ListSpotView.swift in Sources */ = {isa = PBXBuildFile; fileRef = 426E585C26207F480069B808 /* ListSpotView.swift */; };
		426E5860262081B20069B808 /* SpotRowView.swift in Sources */ = {isa = PBXBuildFile; fileRef = 426E585F262081B20069B808 /* SpotRowView.swift */; };
		426E5866262088C10069B808 /* DownloadedImageView.swift in Sources */ = {isa = PBXBuildFile; fileRef = 426E5865262088C10069B808 /* DownloadedImageView.swift */; };
		426E5869262089BF0069B808 /* ImageLoader.swift in Sources */ = {isa = PBXBuildFile; fileRef = 426E5868262089BF0069B808 /* ImageLoader.swift */; };
		428EFBB2263AB1D9005429BD /* MainView.swift in Sources */ = {isa = PBXBuildFile; fileRef = 428EFBB1263AB1D9005429BD /* MainView.swift */; };
		428EFBBC263ACC1B005429BD /* CustomBackgroundView.swift in Sources */ = {isa = PBXBuildFile; fileRef = 428EFBBB263ACC1B005429BD /* CustomBackgroundView.swift */; };
		428EFBBF263AD4A4005429BD /* AddSpotView.swift in Sources */ = {isa = PBXBuildFile; fileRef = 428EFBBE263AD4A4005429BD /* AddSpotView.swift */; };
		42B181E3263B013C00B192E0 /* Extension+View.swift in Sources */ = {isa = PBXBuildFile; fileRef = 42B181E2263B013C00B192E0 /* Extension+View.swift */; };
/* End PBXBuildFile section */

/* Begin PBXFileReference section */
		421E64FA2639ADF300057499 /* RequestFactory.swift */ = {isa = PBXFileReference; lastKnownFileType = sourcecode.swift; path = RequestFactory.swift; sourceTree = "<group>"; };
		421E64FE2639AFBD00057499 /* SpotViewModel.swift */ = {isa = PBXFileReference; lastKnownFileType = sourcecode.swift; path = SpotViewModel.swift; sourceTree = "<group>"; };
		4237D193263850F1002F8108 /* SpotDetailView.swift */ = {isa = PBXFileReference; lastKnownFileType = sourcecode.swift; path = SpotDetailView.swift; sourceTree = "<group>"; };
		4237D19726388433002F8108 /* LocationHandler.swift */ = {isa = PBXFileReference; lastKnownFileType = sourcecode.swift; path = LocationHandler.swift; sourceTree = "<group>"; };
		423B333E263B1B5000EE7767 /* ImagePicker.swift */ = {isa = PBXFileReference; lastKnownFileType = sourcecode.swift; path = ImagePicker.swift; sourceTree = "<group>"; };
		423B3344263C2F7800EE7767 /* ActivityIndicatorView.swift */ = {isa = PBXFileReference; lastKnownFileType = sourcecode.swift; path = ActivityIndicatorView.swift; sourceTree = "<group>"; };
		423CAE7A260E2AEF00BF2BB8 /* SeaSwiftAndSun.app */ = {isa = PBXFileReference; explicitFileType = wrapper.application; includeInIndex = 0; path = SeaSwiftAndSun.app; sourceTree = BUILT_PRODUCTS_DIR; };
		423CAE7D260E2AEF00BF2BB8 /* SeaSwiftAndSunApp.swift */ = {isa = PBXFileReference; lastKnownFileType = sourcecode.swift; path = SeaSwiftAndSunApp.swift; sourceTree = "<group>"; };
		423CAE81260E2AF100BF2BB8 /* Assets.xcassets */ = {isa = PBXFileReference; lastKnownFileType = folder.assetcatalog; path = Assets.xcassets; sourceTree = "<group>"; };
		423CAE84260E2AF100BF2BB8 /* Preview Assets.xcassets */ = {isa = PBXFileReference; lastKnownFileType = folder.assetcatalog; path = "Preview Assets.xcassets"; sourceTree = "<group>"; };
		423CAE86260E2AF100BF2BB8 /* Info.plist */ = {isa = PBXFileReference; lastKnownFileType = text.plist.xml; path = Info.plist; sourceTree = "<group>"; };
		423CAEAF26138D7400BF2BB8 /* Spot.swift */ = {isa = PBXFileReference; lastKnownFileType = sourcecode.swift; path = Spot.swift; sourceTree = "<group>"; };
		423CAEB226138DA500BF2BB8 /* ParsingData.swift */ = {isa = PBXFileReference; lastKnownFileType = sourcecode.swift; path = ParsingData.swift; sourceTree = "<group>"; };
		423CAEBA26138E5A00BF2BB8 /* JsonData.json */ = {isa = PBXFileReference; lastKnownFileType = text.json; path = JsonData.json; sourceTree = "<group>"; };
		426E585C26207F480069B808 /* ListSpotView.swift */ = {isa = PBXFileReference; lastKnownFileType = sourcecode.swift; path = ListSpotView.swift; sourceTree = "<group>"; };
		426E585F262081B20069B808 /* SpotRowView.swift */ = {isa = PBXFileReference; lastKnownFileType = sourcecode.swift; path = SpotRowView.swift; sourceTree = "<group>"; };
		426E5865262088C10069B808 /* DownloadedImageView.swift */ = {isa = PBXFileReference; lastKnownFileType = sourcecode.swift; path = DownloadedImageView.swift; sourceTree = "<group>"; };
		426E5868262089BF0069B808 /* ImageLoader.swift */ = {isa = PBXFileReference; lastKnownFileType = sourcecode.swift; path = ImageLoader.swift; sourceTree = "<group>"; };
		428EFBB1263AB1D9005429BD /* MainView.swift */ = {isa = PBXFileReference; lastKnownFileType = sourcecode.swift; path = MainView.swift; sourceTree = "<group>"; };
		428EFBBB263ACC1B005429BD /* CustomBackgroundView.swift */ = {isa = PBXFileReference; lastKnownFileType = sourcecode.swift; path = CustomBackgroundView.swift; sourceTree = "<group>"; };
		428EFBBE263AD4A4005429BD /* AddSpotView.swift */ = {isa = PBXFileReference; lastKnownFileType = sourcecode.swift; path = AddSpotView.swift; sourceTree = "<group>"; };
		42B181E2263B013C00B192E0 /* Extension+View.swift */ = {isa = PBXFileReference; lastKnownFileType = sourcecode.swift; path = "Extension+View.swift"; sourceTree = "<group>"; };
		498AEF01D49CB9B9ABED062F /* Pods_SeaSwiftAndSun.framework */ = {isa = PBXFileReference; explicitFileType = wrapper.framework; includeInIndex = 0; path = Pods_SeaSwiftAndSun.framework; sourceTree = BUILT_PRODUCTS_DIR; };
		68C0050586774878D5B24D1C /* Pods-SeaSwiftAndSun.release.xcconfig */ = {isa = PBXFileReference; includeInIndex = 1; lastKnownFileType = text.xcconfig; name = "Pods-SeaSwiftAndSun.release.xcconfig"; path = "Target Support Files/Pods-SeaSwiftAndSun/Pods-SeaSwiftAndSun.release.xcconfig"; sourceTree = "<group>"; };
		E02267647F62CF9E360901D4 /* Pods-SeaSwiftAndSun.debug.xcconfig */ = {isa = PBXFileReference; includeInIndex = 1; lastKnownFileType = text.xcconfig; name = "Pods-SeaSwiftAndSun.debug.xcconfig"; path = "Target Support Files/Pods-SeaSwiftAndSun/Pods-SeaSwiftAndSun.debug.xcconfig"; sourceTree = "<group>"; };
/* End PBXFileReference section */

/* Begin PBXFrameworksBuildPhase section */
		423CAE77260E2AEF00BF2BB8 /* Frameworks */ = {
			isa = PBXFrameworksBuildPhase;
			buildActionMask = 2147483647;
			files = (
				3E30D9EBC6640EFA051B8F6C /* Pods_SeaSwiftAndSun.framework in Frameworks */,
			);
			runOnlyForDeploymentPostprocessing = 0;
		};
/* End PBXFrameworksBuildPhase section */

/* Begin PBXGroup section */
		421E65012639AFCA00057499 /* ViewModel */ = {
			isa = PBXGroup;
			children = (
				421E64FE2639AFBD00057499 /* SpotViewModel.swift */,
			);
			path = ViewModel;
			sourceTree = "<group>";
		};
		423CAE71260E2AEF00BF2BB8 = {
			isa = PBXGroup;
			children = (
				423CAE7C260E2AEF00BF2BB8 /* SeaSwiftAndSun */,
				423CAE7B260E2AEF00BF2BB8 /* Products */,
				ABC32498E52FF94024D1686E /* Pods */,
				5F4E31D6C5335001AB7DC4A8 /* Frameworks */,
			);
			sourceTree = "<group>";
		};
		423CAE7B260E2AEF00BF2BB8 /* Products */ = {
			isa = PBXGroup;
			children = (
				423CAE7A260E2AEF00BF2BB8 /* SeaSwiftAndSun.app */,
			);
			name = Products;
			sourceTree = "<group>";
		};
		423CAE7C260E2AEF00BF2BB8 /* SeaSwiftAndSun */ = {
			isa = PBXGroup;
			children = (
				421E65012639AFCA00057499 /* ViewModel */,
				426E585926204C740069B808 /* View */,
				423CAEB526138E1200BF2BB8 /* Ressources */,
				423CAEAE26138D6700BF2BB8 /* Model */,
				423CAE7D260E2AEF00BF2BB8 /* SeaSwiftAndSunApp.swift */,
				423CAE86260E2AF100BF2BB8 /* Info.plist */,
				423CAE83260E2AF100BF2BB8 /* Preview Content */,
				42B181E2263B013C00B192E0 /* Extension+View.swift */,
			);
			path = SeaSwiftAndSun;
			sourceTree = "<group>";
		};
		423CAE83260E2AF100BF2BB8 /* Preview Content */ = {
			isa = PBXGroup;
			children = (
				423CAE84260E2AF100BF2BB8 /* Preview Assets.xcassets */,
			);
			path = "Preview Content";
			sourceTree = "<group>";
		};
		423CAEAE26138D6700BF2BB8 /* Model */ = {
			isa = PBXGroup;
			children = (
				428EFBC1263AD8D2005429BD /* Network */,
				423CAEAF26138D7400BF2BB8 /* Spot.swift */,
				423CAEB226138DA500BF2BB8 /* ParsingData.swift */,
				4237D19726388433002F8108 /* LocationHandler.swift */,
			);
			path = Model;
			sourceTree = "<group>";
		};
		423CAEB526138E1200BF2BB8 /* Ressources */ = {
			isa = PBXGroup;
			children = (
				423CAEBA26138E5A00BF2BB8 /* JsonData.json */,
				423CAE81260E2AF100BF2BB8 /* Assets.xcassets */,
			);
			path = Ressources;
			sourceTree = "<group>";
		};
		426E585926204C740069B808 /* View */ = {
			isa = PBXGroup;
			children = (
				428EFBBA263ACBF5005429BD /* Small views and helpers */,
				428EFBB9263ACBE3005429BD /* Main views */,
			);
			path = View;
			sourceTree = "<group>";
		};
		428EFBB9263ACBE3005429BD /* Main views */ = {
			isa = PBXGroup;
			children = (
				426E585C26207F480069B808 /* ListSpotView.swift */,
				4237D193263850F1002F8108 /* SpotDetailView.swift */,
				428EFBB1263AB1D9005429BD /* MainView.swift */,
				428EFBBE263AD4A4005429BD /* AddSpotView.swift */,
			);
			path = "Main views";
			sourceTree = "<group>";
		};
		428EFBBA263ACBF5005429BD /* Small views and helpers */ = {
			isa = PBXGroup;
			children = (
				426E585F262081B20069B808 /* SpotRowView.swift */,
				426E5865262088C10069B808 /* DownloadedImageView.swift */,
				428EFBBB263ACC1B005429BD /* CustomBackgroundView.swift */,
				423B333E263B1B5000EE7767 /* ImagePicker.swift */,
				423B3344263C2F7800EE7767 /* ActivityIndicatorView.swift */,
			);
			path = "Small views and helpers";
			sourceTree = "<group>";
		};
		428EFBC1263AD8D2005429BD /* Network */ = {
			isa = PBXGroup;
			children = (
				421E64FA2639ADF300057499 /* RequestFactory.swift */,
				426E5868262089BF0069B808 /* ImageLoader.swift */,
			);
			path = Network;
			sourceTree = "<group>";
		};
		5F4E31D6C5335001AB7DC4A8 /* Frameworks */ = {
			isa = PBXGroup;
			children = (
				498AEF01D49CB9B9ABED062F /* Pods_SeaSwiftAndSun.framework */,
			);
			name = Frameworks;
			sourceTree = "<group>";
		};
		ABC32498E52FF94024D1686E /* Pods */ = {
			isa = PBXGroup;
			children = (
				E02267647F62CF9E360901D4 /* Pods-SeaSwiftAndSun.debug.xcconfig */,
				68C0050586774878D5B24D1C /* Pods-SeaSwiftAndSun.release.xcconfig */,
			);
			path = Pods;
			sourceTree = "<group>";
		};
/* End PBXGroup section */

/* Begin PBXNativeTarget section */
		423CAE79260E2AEF00BF2BB8 /* SeaSwiftAndSun */ = {
			isa = PBXNativeTarget;
			buildConfigurationList = 423CAE89260E2AF100BF2BB8 /* Build configuration list for PBXNativeTarget "SeaSwiftAndSun" */;
			buildPhases = (
				57930553B4CAEE61FE9BD2B1 /* [CP] Check Pods Manifest.lock */,
				423CAE76260E2AEF00BF2BB8 /* Sources */,
				423CAE77260E2AEF00BF2BB8 /* Frameworks */,
				423CAE78260E2AEF00BF2BB8 /* Resources */,
				1A7BAF771C592EDC5C672497 /* [CP] Embed Pods Frameworks */,
			);
			buildRules = (
			);
			dependencies = (
			);
			name = SeaSwiftAndSun;
			productName = SeaSwiftAndSun;
			productReference = 423CAE7A260E2AEF00BF2BB8 /* SeaSwiftAndSun.app */;
			productType = "com.apple.product-type.application";
		};
/* End PBXNativeTarget section */

/* Begin PBXProject section */
		423CAE72260E2AEF00BF2BB8 /* Project object */ = {
			isa = PBXProject;
			attributes = {
				LastSwiftUpdateCheck = 1240;
				LastUpgradeCheck = 1240;
				TargetAttributes = {
					423CAE79260E2AEF00BF2BB8 = {
						CreatedOnToolsVersion = 12.4;
					};
				};
			};
			buildConfigurationList = 423CAE75260E2AEF00BF2BB8 /* Build configuration list for PBXProject "SeaSwiftAndSun" */;
			compatibilityVersion = "Xcode 9.3";
			developmentRegion = en;
			hasScannedForEncodings = 0;
			knownRegions = (
				en,
				Base,
			);
			mainGroup = 423CAE71260E2AEF00BF2BB8;
			productRefGroup = 423CAE7B260E2AEF00BF2BB8 /* Products */;
			projectDirPath = "";
			projectRoot = "";
			targets = (
				423CAE79260E2AEF00BF2BB8 /* SeaSwiftAndSun */,
			);
		};
/* End PBXProject section */

/* Begin PBXResourcesBuildPhase section */
		423CAE78260E2AEF00BF2BB8 /* Resources */ = {
			isa = PBXResourcesBuildPhase;
			buildActionMask = 2147483647;
			files = (
				423CAE85260E2AF100BF2BB8 /* Preview Assets.xcassets in Resources */,
				423CAEBB26138E5A00BF2BB8 /* JsonData.json in Resources */,
				423CAE82260E2AF100BF2BB8 /* Assets.xcassets in Resources */,
			);
			runOnlyForDeploymentPostprocessing = 0;
		};
/* End PBXResourcesBuildPhase section */

/* Begin PBXShellScriptBuildPhase section */
		1A7BAF771C592EDC5C672497 /* [CP] Embed Pods Frameworks */ = {
			isa = PBXShellScriptBuildPhase;
			buildActionMask = 2147483647;
			files = (
			);
			inputFileListPaths = (
				"${PODS_ROOT}/Target Support Files/Pods-SeaSwiftAndSun/Pods-SeaSwiftAndSun-frameworks-${CONFIGURATION}-input-files.xcfilelist",
			);
			name = "[CP] Embed Pods Frameworks";
			outputFileListPaths = (
				"${PODS_ROOT}/Target Support Files/Pods-SeaSwiftAndSun/Pods-SeaSwiftAndSun-frameworks-${CONFIGURATION}-output-files.xcfilelist",
			);
			runOnlyForDeploymentPostprocessing = 0;
			shellPath = /bin/sh;
			shellScript = "\"${PODS_ROOT}/Target Support Files/Pods-SeaSwiftAndSun/Pods-SeaSwiftAndSun-frameworks.sh\"\n";
			showEnvVarsInLog = 0;
		};
		57930553B4CAEE61FE9BD2B1 /* [CP] Check Pods Manifest.lock */ = {
			isa = PBXShellScriptBuildPhase;
			buildActionMask = 2147483647;
			files = (
			);
			inputFileListPaths = (
			);
			inputPaths = (
				"${PODS_PODFILE_DIR_PATH}/Podfile.lock",
				"${PODS_ROOT}/Manifest.lock",
			);
			name = "[CP] Check Pods Manifest.lock";
			outputFileListPaths = (
			);
			outputPaths = (
				"$(DERIVED_FILE_DIR)/Pods-SeaSwiftAndSun-checkManifestLockResult.txt",
			);
			runOnlyForDeploymentPostprocessing = 0;
			shellPath = /bin/sh;
			shellScript = "diff \"${PODS_PODFILE_DIR_PATH}/Podfile.lock\" \"${PODS_ROOT}/Manifest.lock\" > /dev/null\nif [ $? != 0 ] ; then\n    # print error to STDERR\n    echo \"error: The sandbox is not in sync with the Podfile.lock. Run 'pod install' or update your CocoaPods installation.\" >&2\n    exit 1\nfi\n# This output is used by Xcode 'outputs' to avoid re-running this script phase.\necho \"SUCCESS\" > \"${SCRIPT_OUTPUT_FILE_0}\"\n";
			showEnvVarsInLog = 0;
		};
/* End PBXShellScriptBuildPhase section */

/* Begin PBXSourcesBuildPhase section */
		423CAE76260E2AEF00BF2BB8 /* Sources */ = {
			isa = PBXSourcesBuildPhase;
			buildActionMask = 2147483647;
			files = (
				421E64FB2639ADF300057499 /* RequestFactory.swift in Sources */,
				428EFBB2263AB1D9005429BD /* MainView.swift in Sources */,
				428EFBBF263AD4A4005429BD /* AddSpotView.swift in Sources */,
				426E5860262081B20069B808 /* SpotRowView.swift in Sources */,
				426E5866262088C10069B808 /* DownloadedImageView.swift in Sources */,
				428EFBBC263ACC1B005429BD /* CustomBackgroundView.swift in Sources */,
				423CAEB026138D7400BF2BB8 /* Spot.swift in Sources */,
				42B181E3263B013C00B192E0 /* Extension+View.swift in Sources */,
				4237D194263850F1002F8108 /* SpotDetailView.swift in Sources */,
				4237D19826388433002F8108 /* LocationHandler.swift in Sources */,
				426E5869262089BF0069B808 /* ImageLoader.swift in Sources */,
				421E64FF2639AFBD00057499 /* SpotViewModel.swift in Sources */,
				423CAEB326138DA500BF2BB8 /* ParsingData.swift in Sources */,
				423B333F263B1B5000EE7767 /* ImagePicker.swift in Sources */,
				423CAE7E260E2AEF00BF2BB8 /* SeaSwiftAndSunApp.swift in Sources */,
				426E585D26207F480069B808 /* ListSpotView.swift in Sources */,
				423B3345263C2F7800EE7767 /* ActivityIndicatorView.swift in Sources */,
			);
			runOnlyForDeploymentPostprocessing = 0;
		};
/* End PBXSourcesBuildPhase section */

/* Begin XCBuildConfiguration section */
		423CAE87260E2AF100BF2BB8 /* Debug */ = {
			isa = XCBuildConfiguration;
			buildSettings = {
				ALWAYS_SEARCH_USER_PATHS = NO;
				CLANG_ANALYZER_NONNULL = YES;
				CLANG_ANALYZER_NUMBER_OBJECT_CONVERSION = YES_AGGRESSIVE;
				CLANG_CXX_LANGUAGE_STANDARD = "gnu++14";
				CLANG_CXX_LIBRARY = "libc++";
				CLANG_ENABLE_MODULES = YES;
				CLANG_ENABLE_OBJC_ARC = YES;
				CLANG_ENABLE_OBJC_WEAK = YES;
				CLANG_WARN_BLOCK_CAPTURE_AUTORELEASING = YES;
				CLANG_WARN_BOOL_CONVERSION = YES;
				CLANG_WARN_COMMA = YES;
				CLANG_WARN_CONSTANT_CONVERSION = YES;
				CLANG_WARN_DEPRECATED_OBJC_IMPLEMENTATIONS = YES;
				CLANG_WARN_DIRECT_OBJC_ISA_USAGE = YES_ERROR;
				CLANG_WARN_DOCUMENTATION_COMMENTS = YES;
				CLANG_WARN_EMPTY_BODY = YES;
				CLANG_WARN_ENUM_CONVERSION = YES;
				CLANG_WARN_INFINITE_RECURSION = YES;
				CLANG_WARN_INT_CONVERSION = YES;
				CLANG_WARN_NON_LITERAL_NULL_CONVERSION = YES;
				CLANG_WARN_OBJC_IMPLICIT_RETAIN_SELF = YES;
				CLANG_WARN_OBJC_LITERAL_CONVERSION = YES;
				CLANG_WARN_OBJC_ROOT_CLASS = YES_ERROR;
				CLANG_WARN_QUOTED_INCLUDE_IN_FRAMEWORK_HEADER = YES;
				CLANG_WARN_RANGE_LOOP_ANALYSIS = YES;
				CLANG_WARN_STRICT_PROTOTYPES = YES;
				CLANG_WARN_SUSPICIOUS_MOVE = YES;
				CLANG_WARN_UNGUARDED_AVAILABILITY = YES_AGGRESSIVE;
				CLANG_WARN_UNREACHABLE_CODE = YES;
				CLANG_WARN__DUPLICATE_METHOD_MATCH = YES;
				COPY_PHASE_STRIP = NO;
				DEBUG_INFORMATION_FORMAT = dwarf;
				ENABLE_STRICT_OBJC_MSGSEND = YES;
				ENABLE_TESTABILITY = YES;
				GCC_C_LANGUAGE_STANDARD = gnu11;
				GCC_DYNAMIC_NO_PIC = NO;
				GCC_NO_COMMON_BLOCKS = YES;
				GCC_OPTIMIZATION_LEVEL = 0;
				GCC_PREPROCESSOR_DEFINITIONS = (
					"DEBUG=1",
					"$(inherited)",
				);
				GCC_WARN_64_TO_32_BIT_CONVERSION = YES;
				GCC_WARN_ABOUT_RETURN_TYPE = YES_ERROR;
				GCC_WARN_UNDECLARED_SELECTOR = YES;
				GCC_WARN_UNINITIALIZED_AUTOS = YES_AGGRESSIVE;
				GCC_WARN_UNUSED_FUNCTION = YES;
				GCC_WARN_UNUSED_VARIABLE = YES;
				IPHONEOS_DEPLOYMENT_TARGET = 14.4;
				MTL_ENABLE_DEBUG_INFO = INCLUDE_SOURCE;
				MTL_FAST_MATH = YES;
				ONLY_ACTIVE_ARCH = YES;
				SDKROOT = iphoneos;
				SWIFT_ACTIVE_COMPILATION_CONDITIONS = DEBUG;
				SWIFT_OPTIMIZATION_LEVEL = "-Onone";
			};
			name = Debug;
		};
		423CAE88260E2AF100BF2BB8 /* Release */ = {
			isa = XCBuildConfiguration;
			buildSettings = {
				ALWAYS_SEARCH_USER_PATHS = NO;
				CLANG_ANALYZER_NONNULL = YES;
				CLANG_ANALYZER_NUMBER_OBJECT_CONVERSION = YES_AGGRESSIVE;
				CLANG_CXX_LANGUAGE_STANDARD = "gnu++14";
				CLANG_CXX_LIBRARY = "libc++";
				CLANG_ENABLE_MODULES = YES;
				CLANG_ENABLE_OBJC_ARC = YES;
				CLANG_ENABLE_OBJC_WEAK = YES;
				CLANG_WARN_BLOCK_CAPTURE_AUTORELEASING = YES;
				CLANG_WARN_BOOL_CONVERSION = YES;
				CLANG_WARN_COMMA = YES;
				CLANG_WARN_CONSTANT_CONVERSION = YES;
				CLANG_WARN_DEPRECATED_OBJC_IMPLEMENTATIONS = YES;
				CLANG_WARN_DIRECT_OBJC_ISA_USAGE = YES_ERROR;
				CLANG_WARN_DOCUMENTATION_COMMENTS = YES;
				CLANG_WARN_EMPTY_BODY = YES;
				CLANG_WARN_ENUM_CONVERSION = YES;
				CLANG_WARN_INFINITE_RECURSION = YES;
				CLANG_WARN_INT_CONVERSION = YES;
				CLANG_WARN_NON_LITERAL_NULL_CONVERSION = YES;
				CLANG_WARN_OBJC_IMPLICIT_RETAIN_SELF = YES;
				CLANG_WARN_OBJC_LITERAL_CONVERSION = YES;
				CLANG_WARN_OBJC_ROOT_CLASS = YES_ERROR;
				CLANG_WARN_QUOTED_INCLUDE_IN_FRAMEWORK_HEADER = YES;
				CLANG_WARN_RANGE_LOOP_ANALYSIS = YES;
				CLANG_WARN_STRICT_PROTOTYPES = YES;
				CLANG_WARN_SUSPICIOUS_MOVE = YES;
				CLANG_WARN_UNGUARDED_AVAILABILITY = YES_AGGRESSIVE;
				CLANG_WARN_UNREACHABLE_CODE = YES;
				CLANG_WARN__DUPLICATE_METHOD_MATCH = YES;
				COPY_PHASE_STRIP = NO;
				DEBUG_INFORMATION_FORMAT = "dwarf-with-dsym";
				ENABLE_NS_ASSERTIONS = NO;
				ENABLE_STRICT_OBJC_MSGSEND = YES;
				GCC_C_LANGUAGE_STANDARD = gnu11;
				GCC_NO_COMMON_BLOCKS = YES;
				GCC_WARN_64_TO_32_BIT_CONVERSION = YES;
				GCC_WARN_ABOUT_RETURN_TYPE = YES_ERROR;
				GCC_WARN_UNDECLARED_SELECTOR = YES;
				GCC_WARN_UNINITIALIZED_AUTOS = YES_AGGRESSIVE;
				GCC_WARN_UNUSED_FUNCTION = YES;
				GCC_WARN_UNUSED_VARIABLE = YES;
				IPHONEOS_DEPLOYMENT_TARGET = 14.4;
				MTL_ENABLE_DEBUG_INFO = NO;
				MTL_FAST_MATH = YES;
				SDKROOT = iphoneos;
				SWIFT_COMPILATION_MODE = wholemodule;
				SWIFT_OPTIMIZATION_LEVEL = "-O";
				VALIDATE_PRODUCT = YES;
			};
			name = Release;
		};
		423CAE8A260E2AF100BF2BB8 /* Debug */ = {
			isa = XCBuildConfiguration;
			baseConfigurationReference = E02267647F62CF9E360901D4 /* Pods-SeaSwiftAndSun.debug.xcconfig */;
			buildSettings = {
				ASSETCATALOG_COMPILER_APPICON_NAME = AppIcon;
				ASSETCATALOG_COMPILER_GLOBAL_ACCENT_COLOR_NAME = AccentColor;
				CODE_SIGN_STYLE = Automatic;
				DEVELOPMENT_ASSET_PATHS = "\"SeaSwiftAndSun/Preview Content\"";
				DEVELOPMENT_TEAM = 6FH7WNJPHQ;
				ENABLE_PREVIEWS = YES;
				INFOPLIST_FILE = SeaSwiftAndSun/Info.plist;
				IPHONEOS_DEPLOYMENT_TARGET = 14.0;
				LD_RUNPATH_SEARCH_PATHS = (
					"$(inherited)",
					"@executable_path/Frameworks",
				);
				PRODUCT_BUNDLE_IDENTIFIER = com.amandinecousin.SeaSwiftAndSun;
				PRODUCT_NAME = "$(TARGET_NAME)";
				SWIFT_VERSION = 5.0;
				TARGETED_DEVICE_FAMILY = "1,2";
			};
			name = Debug;
		};
		423CAE8B260E2AF100BF2BB8 /* Release */ = {
			isa = XCBuildConfiguration;
			baseConfigurationReference = 68C0050586774878D5B24D1C /* Pods-SeaSwiftAndSun.release.xcconfig */;
			buildSettings = {
				ASSETCATALOG_COMPILER_APPICON_NAME = AppIcon;
				ASSETCATALOG_COMPILER_GLOBAL_ACCENT_COLOR_NAME = AccentColor;
				CODE_SIGN_STYLE = Automatic;
				DEVELOPMENT_ASSET_PATHS = "\"SeaSwiftAndSun/Preview Content\"";
				DEVELOPMENT_TEAM = 6FH7WNJPHQ;
				ENABLE_PREVIEWS = YES;
				INFOPLIST_FILE = SeaSwiftAndSun/Info.plist;
				IPHONEOS_DEPLOYMENT_TARGET = 14.0;
				LD_RUNPATH_SEARCH_PATHS = (
					"$(inherited)",
					"@executable_path/Frameworks",
				);
				PRODUCT_BUNDLE_IDENTIFIER = com.amandinecousin.SeaSwiftAndSun;
				PRODUCT_NAME = "$(TARGET_NAME)";
				SWIFT_VERSION = 5.0;
				TARGETED_DEVICE_FAMILY = "1,2";
			};
			name = Release;
		};
/* End XCBuildConfiguration section */

/* Begin XCConfigurationList section */
		423CAE75260E2AEF00BF2BB8 /* Build configuration list for PBXProject "SeaSwiftAndSun" */ = {
			isa = XCConfigurationList;
			buildConfigurations = (
				423CAE87260E2AF100BF2BB8 /* Debug */,
				423CAE88260E2AF100BF2BB8 /* Release */,
			);
			defaultConfigurationIsVisible = 0;
			defaultConfigurationName = Release;
		};
		423CAE89260E2AF100BF2BB8 /* Build configuration list for PBXNativeTarget "SeaSwiftAndSun" */ = {
			isa = XCConfigurationList;
			buildConfigurations = (
				423CAE8A260E2AF100BF2BB8 /* Debug */,
				423CAE8B260E2AF100BF2BB8 /* Release */,
			);
			defaultConfigurationIsVisible = 0;
			defaultConfigurationName = Release;
		};
/* End XCConfigurationList section */
	};
	rootObject = 423CAE72260E2AEF00BF2BB8 /* Project object */;
}
